FORGE
  remote: http://forge.puppetlabs.com
  specs:
    torrancew/account (0.0.5)

FORGE
  remote: http://forge.puppetlabs.com/
  specs:
    attachmentgenie/locales (1.0.2)
      puppetlabs/stdlib (>= 2.2.1)
    attachmentgenie/ssh (1.1.1)
      puppetlabs/stdlib (>= 2.2.1)
    attachmentgenie/ufw (1.1.0)
      puppetlabs/stdlib (>= 2.2.1)
    gdsoperations/elasticsearch (0.0.1)
      puppetlabs/stdlib (>= 3.0.0)
    gdsoperations/openconnect (0.0.5)
      puppetlabs/stdlib (>= 3.0.0)
    gdsoperations/rbenv (1.0.1)
    pdxcat/collectd (0.0.3)
      puppetlabs/stdlib (>= 2.0.0)
    puppetlabs/apt (1.3.0)
      puppetlabs/stdlib (>= 2.2.1)
    puppetlabs/git (0.0.2)
    puppetlabs/java (0.3.0)
      puppetlabs/stdlib (>= 0.1.6)
    puppetlabs/mysql (0.9.0)
      puppetlabs/stdlib (>= 2.2.1)
    puppetlabs/stdlib (3.2.0)
    saz/dnsmasq (1.0.1)

GIT
  remote: git://github.com/alphagov/puppet-clamav
  ref: 31af4f0c2753dd25bca3dd0c7cc69d273c4d640d
  sha: 31af4f0c2753dd25bca3dd0c7cc69d273c4d640d
  specs:
    clamav (0.0.1)
      puppetlabs/stdlib (>= 3.0.0)

GIT
  remote: git://github.com/alphagov/puppet-cpanm.git
  ref: 4e3dfca9b5ca25da71a78412305710e665475698
  sha: 4e3dfca9b5ca25da71a78412305710e665475698
  specs:
    cpanm (0.0.1)

GIT
  remote: git://github.com/alphagov/puppet-gds_accounts.git
  ref: v0.0.1
  sha: 3698859f788f95a866f2f7e0fa3cad9bcfa129b5
  specs:
    gds_accounts (0.0.1)
      puppetlabs/stdlib (>= 3.0.0)
      torrancew/account (= 0.0.5)

GIT
  remote: git://github.com/alphagov/puppet-harden.git
  ref: 5b27ee25e19f0c5421665246b76a13def8058e1c
  sha: 5b27ee25e19f0c5421665246b76a13def8058e1c
  specs:
    harden (0.0.1)

GIT
  remote: git://github.com/alphagov/puppet-jenkins.git
  ref: ca40459bea5a9dc91e12e8014c9878fcd2856ee7
  sha: ca40459bea5a9dc91e12e8014c9878fcd2856ee7
  specs:
    jenkins (0.2.4)
      puppetlabs/apt (>= 0.0.3)
      puppetlabs/stdlib (>= 2.0.0)

GIT
  remote: git://github.com/alphagov/puppet-nginx.git
  ref: 1a87dd9fb29f5f137e3d4ee42ddcf45c9054700e
  sha: 1a87dd9fb29f5f137e3d4ee42ddcf45c9054700e
  specs:
    nginx (0.0.1)

GIT
  remote: git://github.com/alphagov/puppet-ssl.git
  ref: 23bbb5ab57f26269acce3d4b43e643781747a551
  sha: 23bbb5ab57f26269acce3d4b43e643781747a551
  specs:
    ssl (0.0.1)

GIT
  remote: git://github.com/alphagov/puppetlabs-mongodb.git
  ref: dc077a209efdf8d80fac40d40fec575b6a0949d2
  sha: dc077a209efdf8d80fac40d40fec575b6a0949d2
  specs:
    mongodb (0.1.0)
      puppetlabs/apt (>= 0.0.2)

GIT
  remote: git://github.com/gds-operations/puppet-graphite.git
  ref: 45663a5cd8ed72d7cb8d19e535136cacd893689d
  sha: 45663a5cd8ed72d7cb8d19e535136cacd893689d
  specs:
    gds/graphite (0.1.0)
      puppetlabs/stdlib (>= 2.5)

GIT
  remote: git://github.com/valentinroca/puppet-fail2ban
  ref: 201ac7d0f30a118234a7f2edf4be4bd5c99954ce
  sha: 201ac7d0f30a118234a7f2edf4be4bd5c99954ce
  specs:
    fail2ban (1.1.0)

DEPENDENCIES
  attachmentgenie/locales (= 1.0.2)
  attachmentgenie/ssh (= 1.1.1)
  attachmentgenie/ufw (= 1.1.0)
  clamav (>= 0)
  cpanm (>= 0)
  fail2ban (>= 0)
  gds/graphite (>= 0)
  gds_accounts (>= 0)
  gdsoperations/elasticsearch (= 0.0.1)
  gdsoperations/openconnect (= 0.0.5)
  gdsoperations/rbenv (= 1.0.1)
  harden (>= 0)
  jenkins (>= 0)
  mongodb (>= 0)
  nginx (>= 0)
  pdxcat/collectd (~> 0.0)
  puppetlabs/apt (~> 1.3.0)
  puppetlabs/git (= 0.0.2)
  puppetlabs/java (= 0.3.0)
  puppetlabs/mysql (= 0.9.0)
  puppetlabs/stdlib (~> 3.0)
  saz/dnsmasq (= 1.0.1)
  ssl (>= 0)

